// !$*UTF8*$!
{
	archiveVersion = 1;
	classes = {
	};
	objectVersion = 50;
	objects = {

/* Begin PBXBuildFile section */
		42110C4125B546C000AE5AEA /* AppDelegate.swift in Sources */ = {isa = PBXBuildFile; fileRef = 42110C4025B546C000AE5AEA /* AppDelegate.swift */; };
		42110C4325B546C000AE5AEA /* SceneDelegate.swift in Sources */ = {isa = PBXBuildFile; fileRef = 42110C4225B546C000AE5AEA /* SceneDelegate.swift */; };
		42110C4825B546C000AE5AEA /* Main.storyboard in Resources */ = {isa = PBXBuildFile; fileRef = 42110C4625B546C000AE5AEA /* Main.storyboard */; };
		42110C4A25B546CD00AE5AEA /* Assets.xcassets in Resources */ = {isa = PBXBuildFile; fileRef = 42110C4925B546CD00AE5AEA /* Assets.xcassets */; };
		42110C4D25B546CD00AE5AEA /* LaunchScreen.storyboard in Resources */ = {isa = PBXBuildFile; fileRef = 42110C4B25B546CD00AE5AEA /* LaunchScreen.storyboard */; };
		42110C5725B54A9F00AE5AEA /* TableViewController.swift in Sources */ = {isa = PBXBuildFile; fileRef = 42110C5625B54A9F00AE5AEA /* TableViewController.swift */; };
		42110C5A25B54ABD00AE5AEA /* AddViewController.swift in Sources */ = {isa = PBXBuildFile; fileRef = 42110C5925B54ABD00AE5AEA /* AddViewController.swift */; };
		42110C5D25B54AC900AE5AEA /* DetailViewController.swift in Sources */ = {isa = PBXBuildFile; fileRef = 42110C5C25B54AC900AE5AEA /* DetailViewController.swift */; };
		42110C6225B54DEB00AE5AEA /* pencil.png in Resources */ = {isa = PBXBuildFile; fileRef = 42110C5F25B54DEA00AE5AEA /* pencil.png */; };
		42110C6325B54DEB00AE5AEA /* clock.png in Resources */ = {isa = PBXBuildFile; fileRef = 42110C6025B54DEB00AE5AEA /* clock.png */; };
		42110C6425B54DEB00AE5AEA /* cart.png in Resources */ = {isa = PBXBuildFile; fileRef = 42110C6125B54DEB00AE5AEA /* cart.png */; };
/* End PBXBuildFile section */

/* Begin PBXFileReference section */
		42110C3D25B546C000AE5AEA /* Table.app */ = {isa = PBXFileReference; explicitFileType = wrapper.application; includeInIndex = 0; path = Table.app; sourceTree = BUILT_PRODUCTS_DIR; };
		42110C4025B546C000AE5AEA /* AppDelegate.swift */ = {isa = PBXFileReference; lastKnownFileType = sourcecode.swift; path = AppDelegate.swift; sourceTree = "<group>"; };
		42110C4225B546C000AE5AEA /* SceneDelegate.swift */ = {isa = PBXFileReference; lastKnownFileType = sourcecode.swift; path = SceneDelegate.swift; sourceTree = "<group>"; };
		42110C4725B546C000AE5AEA /* Base */ = {isa = PBXFileReference; lastKnownFileType = file.storyboard; name = Base; path = Base.lproj/Main.storyboard; sourceTree = "<group>"; };
		42110C4925B546CD00AE5AEA /* Assets.xcassets */ = {isa = PBXFileReference; lastKnownFileType = folder.assetcatalog; path = Assets.xcassets; sourceTree = "<group>"; };
		42110C4C25B546CD00AE5AEA /* Base */ = {isa = PBXFileReference; lastKnownFileType = file.storyboard; name = Base; path = Base.lproj/LaunchScreen.storyboard; sourceTree = "<group>"; };
		42110C4E25B546CD00AE5AEA /* Info.plist */ = {isa = PBXFileReference; lastKnownFileType = text.plist.xml; path = Info.plist; sourceTree = "<group>"; };
		42110C5625B54A9F00AE5AEA /* TableViewController.swift */ = {isa = PBXFileReference; lastKnownFileType = sourcecode.swift; path = TableViewController.swift; sourceTree = "<group>"; };
		42110C5925B54ABD00AE5AEA /* AddViewController.swift */ = {isa = PBXFileReference; lastKnownFileType = sourcecode.swift; path = AddViewController.swift; sourceTree = "<group>"; };
		42110C5C25B54AC900AE5AEA /* DetailViewController.swift */ = {isa = PBXFileReference; lastKnownFileType = sourcecode.swift; path = DetailViewController.swift; sourceTree = "<group>"; };
		42110C5F25B54DEA00AE5AEA /* pencil.png */ = {isa = PBXFileReference; lastKnownFileType = image.png; path = pencil.png; sourceTree = "<group>"; };
		42110C6025B54DEB00AE5AEA /* clock.png */ = {isa = PBXFileReference; lastKnownFileType = image.png; path = clock.png; sourceTree = "<group>"; };
		42110C6125B54DEB00AE5AEA /* cart.png */ = {isa = PBXFileReference; lastKnownFileType = image.png; path = cart.png; sourceTree = "<group>"; };
/* End PBXFileReference section */

/* Begin PBXFrameworksBuildPhase section */
		42110C3A25B546C000AE5AEA /* Frameworks */ = {
			isa = PBXFrameworksBuildPhase;
			buildActionMask = 2147483647;
			files = (
			);
			runOnlyForDeploymentPostprocessing = 0;
		};
/* End PBXFrameworksBuildPhase section */

/* Begin PBXGroup section */
		42110C3425B546C000AE5AEA = {
			isa = PBXGroup;
			children = (
				42110C3F25B546C000AE5AEA /* Table */,
				42110C3E25B546C000AE5AEA /* Products */,
			);
			sourceTree = "<group>";
		};
		42110C3E25B546C000AE5AEA /* Products */ = {
			isa = PBXGroup;
			children = (
				42110C3D25B546C000AE5AEA /* Table.app */,
			);
			name = Products;
			sourceTree = "<group>";
		};
		42110C3F25B546C000AE5AEA /* Table */ = {
			isa = PBXGroup;
			children = (
				42110C6125B54DEB00AE5AEA /* cart.png */,
				42110C6025B54DEB00AE5AEA /* clock.png */,
				42110C5F25B54DEA00AE5AEA /* pencil.png */,
				42110C4025B546C000AE5AEA /* AppDelegate.swift */,
				42110C4225B546C000AE5AEA /* SceneDelegate.swift */,
				42110C4625B546C000AE5AEA /* Main.storyboard */,
				42110C4925B546CD00AE5AEA /* Assets.xcassets */,
				42110C4B25B546CD00AE5AEA /* LaunchScreen.storyboard */,
				42110C4E25B546CD00AE5AEA /* Info.plist */,
				42110C5625B54A9F00AE5AEA /* TableViewController.swift */,
				42110C5925B54ABD00AE5AEA /* AddViewController.swift */,
				42110C5C25B54AC900AE5AEA /* DetailViewController.swift */,
			);
			path = Table;
			sourceTree = "<group>";
		};
/* End PBXGroup section */

/* Begin PBXNativeTarget section */
		42110C3C25B546C000AE5AEA /* Table */ = {
			isa = PBXNativeTarget;
			buildConfigurationList = 42110C5125B546CD00AE5AEA /* Build configuration list for PBXNativeTarget "Table" */;
			buildPhases = (
				42110C3925B546C000AE5AEA /* Sources */,
				42110C3A25B546C000AE5AEA /* Frameworks */,
				42110C3B25B546C000AE5AEA /* Resources */,
			);
			buildRules = (
			);
			dependencies = (
			);
			name = Table;
			productName = Table;
			productReference = 42110C3D25B546C000AE5AEA /* Table.app */;
			productType = "com.apple.product-type.application";
		};
/* End PBXNativeTarget section */

/* Begin PBXProject section */
		42110C3525B546C000AE5AEA /* Project object */ = {
			isa = PBXProject;
			attributes = {
				LastSwiftUpdateCheck = 1230;
				LastUpgradeCheck = 1230;
				TargetAttributes = {
					42110C3C25B546C000AE5AEA = {
						CreatedOnToolsVersion = 12.3;
					};
				};
			};
			buildConfigurationList = 42110C3825B546C000AE5AEA /* Build configuration list for PBXProject "Table" */;
			compatibilityVersion = "Xcode 9.3";
			developmentRegion = en;
			hasScannedForEncodings = 0;
			knownRegions = (
				en,
				Base,
			);
			mainGroup = 42110C3425B546C000AE5AEA;
			productRefGroup = 42110C3E25B546C000AE5AEA /* Products */;
			projectDirPath = "";
			projectRoot = "";
			targets = (
				42110C3C25B546C000AE5AEA /* Table */,
			);
		};
/* End PBXProject section */

/* Begin PBXResourcesBuildPhase section */
		42110C3B25B546C000AE5AEA /* Resources */ = {
			isa = PBXResourcesBuildPhase;
			buildActionMask = 2147483647;
			files = (
				42110C6225B54DEB00AE5AEA /* pencil.png in Resources */,
				42110C6325B54DEB00AE5AEA /* clock.png in Resources */,
				42110C4D25B546CD00AE5AEA /* LaunchScreen.storyboard in Resources */,
				42110C4A25B546CD00AE5AEA /* Assets.xcassets in Resources */,
				42110C4825B546C000AE5AEA /* Main.storyboard in Resources */,
				42110C6425B54DEB00AE5AEA /* cart.png in Resources */,
			);
			runOnlyForDeploymentPostprocessing = 0;
		};
/* End PBXResourcesBuildPhase section */

/* Begin PBXSourcesBuildPhase section */
		42110C3925B546C000AE5AEA /* Sources */ = {
			isa = PBXSourcesBuildPhase;
			buildActionMask = 2147483647;
			files = (
				42110C4125B546C000AE5AEA /* AppDelegate.swift in Sources */,
				42110C5725B54A9F00AE5AEA /* TableViewController.swift in Sources */,
				42110C5D25B54AC900AE5AEA /* DetailViewController.swift in Sources */,
				42110C5A25B54ABD00AE5AEA /* AddViewController.swift in Sources */,
				42110C4325B546C000AE5AEA /* SceneDelegate.swift in Sources */,
			);
			runOnlyForDeploymentPostprocessing = 0;
		};
/* End PBXSourcesBuildPhase section */

/* Begin PBXVariantGroup section */
		42110C4625B546C000AE5AEA /* Main.storyboard */ = {
			isa = PBXVariantGroup;
			children = (
				42110C4725B546C000AE5AEA /* Base */,
			);
			name = Main.storyboard;
			sourceTree = "<group>";
		};
		42110C4B25B546CD00AE5AEA /* LaunchScreen.storyboard */ = {
			isa = PBXVariantGroup;
			children = (
				42110C4C25B546CD00AE5AEA /* Base */,
			);
			name = LaunchScreen.storyboard;
			sourceTree = "<group>";
		};
/* End PBXVariantGroup section */

/* Begin XCBuildConfiguration section */
		42110C4F25B546CD00AE5AEA /* Debug */ = {
			isa = XCBuildConfiguration;
			buildSettings = {
				ALWAYS_SEARCH_USER_PATHS = NO;
				CLANG_ANALYZER_NONNULL = YES;
				CLANG_ANALYZER_NUMBER_OBJECT_CONVERSION = YES_AGGRESSIVE;
				CLANG_CXX_LANGUAGE_STANDARD = "gnu++14";
				CLANG_CXX_LIBRARY = "libc++";
				CLANG_ENABLE_MODULES = YES;
				CLANG_ENABLE_OBJC_ARC = YES;
				CLANG_ENABLE_OBJC_WEAK = YES;
				CLANG_WARN_BLOCK_CAPTURE_AUTORELEASING = YES;
				CLANG_WARN_BOOL_CONVERSION = YES;
				CLANG_WARN_COMMA = YES;
				CLANG_WARN_CONSTANT_CONVERSION = YES;
				CLANG_WARN_DEPRECATED_OBJC_IMPLEMENTATIONS = YES;
				CLANG_WARN_DIRECT_OBJC_ISA_USAGE = YES_ERROR;
				CLANG_WARN_DOCUMENTATION_COMMENTS = YES;
				CLANG_WARN_EMPTY_BODY = YES;
				CLANG_WARN_ENUM_CONVERSION = YES;
				CLANG_WARN_INFINITE_RECURSION = YES;
				CLANG_WARN_INT_CONVERSION = YES;
				CLANG_WARN_NON_LITERAL_NULL_CONVERSION = YES;
				CLANG_WARN_OBJC_IMPLICIT_RETAIN_SELF = YES;
				CLANG_WARN_OBJC_LITERAL_CONVERSION = YES;
				CLANG_WARN_OBJC_ROOT_CLASS = YES_ERROR;
				CLANG_WARN_QUOTED_INCLUDE_IN_FRAMEWORK_HEADER = YES;
				CLANG_WARN_RANGE_LOOP_ANALYSIS = YES;
				CLANG_WARN_STRICT_PROTOTYPES = YES;
				CLANG_WARN_SUSPICIOUS_MOVE = YES;
				CLANG_WARN_UNGUARDED_AVAILABILITY = YES_AGGRESSIVE;
				CLANG_WARN_UNREACHABLE_CODE = YES;
				CLANG_WARN__DUPLICATE_METHOD_MATCH = YES;
				COPY_PHASE_STRIP = NO;
				DEBUG_INFORMATION_FORMAT = dwarf;
				ENABLE_STRICT_OBJC_MSGSEND = YES;
				ENABLE_TESTABILITY = YES;
				GCC_C_LANGUAGE_STANDARD = gnu11;
				GCC_DYNAMIC_NO_PIC = NO;
				GCC_NO_COMMON_BLOCKS = YES;
				GCC_OPTIMIZATION_LEVEL = 0;
				GCC_PREPROCESSOR_DEFINITIONS = (
					"DEBUG=1",
					"$(inherited)",
				);
				GCC_WARN_64_TO_32_BIT_CONVERSION = YES;
				GCC_WARN_ABOUT_RETURN_TYPE = YES_ERROR;
				GCC_WARN_UNDECLARED_SELECTOR = YES;
				GCC_WARN_UNINITIALIZED_AUTOS = YES_AGGRESSIVE;
				GCC_WARN_UNUSED_FUNCTION = YES;
				GCC_WARN_UNUSED_VARIABLE = YES;
				IPHONEOS_DEPLOYMENT_TARGET = 14.3;
				MTL_ENABLE_DEBUG_INFO = INCLUDE_SOURCE;
				MTL_FAST_MATH = YES;
				ONLY_ACTIVE_ARCH = YES;
				SDKROOT = iphoneos;
				SWIFT_ACTIVE_COMPILATION_CONDITIONS = DEBUG;
				SWIFT_OPTIMIZATION_LEVEL = "-Onone";
			};
			name = Debug;
		};
		42110C5025B546CD00AE5AEA /* Release */ = {
			isa = XCBuildConfiguration;
			buildSettings = {
				ALWAYS_SEARCH_USER_PATHS = NO;
				CLANG_ANALYZER_NONNULL = YES;
				CLANG_ANALYZER_NUMBER_OBJECT_CONVERSION = YES_AGGRESSIVE;
				CLANG_CXX_LANGUAGE_STANDARD = "gnu++14";
				CLANG_CXX_LIBRARY = "libc++";
				CLANG_ENABLE_MODULES = YES;
				CLANG_ENABLE_OBJC_ARC = YES;
				CLANG_ENABLE_OBJC_WEAK = YES;
				CLANG_WARN_BLOCK_CAPTURE_AUTORELEASING = YES;
				CLANG_WARN_BOOL_CONVERSION = YES;
				CLANG_WARN_COMMA = YES;
				CLANG_WARN_CONSTANT_CONVERSION = YES;
				CLANG_WARN_DEPRECATED_OBJC_IMPLEMENTATIONS = YES;
				CLANG_WARN_DIRECT_OBJC_ISA_USAGE = YES_ERROR;
				CLANG_WARN_DOCUMENTATION_COMMENTS = YES;
				CLANG_WARN_EMPTY_BODY = YES;
				CLANG_WARN_ENUM_CONVERSION = YES;
				CLANG_WARN_INFINITE_RECURSION = YES;
				CLANG_WARN_INT_CONVERSION = YES;
				CLANG_WARN_NON_LITERAL_NULL_CONVERSION = YES;
				CLANG_WARN_OBJC_IMPLICIT_RETAIN_SELF = YES;
				CLANG_WARN_OBJC_LITERAL_CONVERSION = YES;
				CLANG_WARN_OBJC_ROOT_CLASS = YES_ERROR;
				CLANG_WARN_QUOTED_INCLUDE_IN_FRAMEWORK_HEADER = YES;
				CLANG_WARN_RANGE_LOOP_ANALYSIS = YES;
				CLANG_WARN_STRICT_PROTOTYPES = YES;
				CLANG_WARN_SUSPICIOUS_MOVE = YES;
				CLANG_WARN_UNGUARDED_AVAILABILITY = YES_AGGRESSIVE;
				CLANG_WARN_UNREACHABLE_CODE = YES;
				CLANG_WARN__DUPLICATE_METHOD_MATCH = YES;
				COPY_PHASE_STRIP = NO;
				DEBUG_INFORMATION_FORMAT = "dwarf-with-dsym";
				ENABLE_NS_ASSERTIONS = NO;
				ENABLE_STRICT_OBJC_MSGSEND = YES;
				GCC_C_LANGUAGE_STANDARD = gnu11;
				GCC_NO_COMMON_BLOCKS = YES;
				GCC_WARN_64_TO_32_BIT_CONVERSION = YES;
				GCC_WARN_ABOUT_RETURN_TYPE = YES_ERROR;
				GCC_WARN_UNDECLARED_SELECTOR = YES;
				GCC_WARN_UNINITIALIZED_AUTOS = YES_AGGRESSIVE;
				GCC_WARN_UNUSED_FUNCTION = YES;
				GCC_WARN_UNUSED_VARIABLE = YES;
				IPHONEOS_DEPLOYMENT_TARGET = 14.3;
				MTL_ENABLE_DEBUG_INFO = NO;
				MTL_FAST_MATH = YES;
				SDKROOT = iphoneos;
				SWIFT_COMPILATION_MODE = wholemodule;
				SWIFT_OPTIMIZATION_LEVEL = "-O";
				VALIDATE_PRODUCT = YES;
			};
			name = Release;
		};
		42110C5225B546CD00AE5AEA /* Debug */ = {
			isa = XCBuildConfiguration;
			buildSettings = {
				ASSETCATALOG_COMPILER_APPICON_NAME = AppIcon;
				ASSETCATALOG_COMPILER_GLOBAL_ACCENT_COLOR_NAME = AccentColor;
				CODE_SIGN_STYLE = Automatic;
				INFOPLIST_FILE = Table/Info.plist;
				LD_RUNPATH_SEARCH_PATHS = (
					"$(inherited)",
					"@executable_path/Frameworks",
				);
				PRODUCT_BUNDLE_IDENTIFIER = com.eonsubae.Table;
				PRODUCT_NAME = "$(TARGET_NAME)";
				SWIFT_VERSION = 5.0;
				TARGETED_DEVICE_FAMILY = "1,2";
			};
			name = Debug;
		};
		42110C5325B546CD00AE5AEA /* Release */ = {
			isa = XCBuildConfiguration;
			buildSettings = {
				ASSETCATALOG_COMPILER_APPICON_NAME = AppIcon;
				ASSETCATALOG_COMPILER_GLOBAL_ACCENT_COLOR_NAME = AccentColor;
				CODE_SIGN_STYLE = Automatic;
				INFOPLIST_FILE = Table/Info.plist;
				LD_RUNPATH_SEARCH_PATHS = (
					"$(inherited)",
					"@executable_path/Frameworks",
				);
				PRODUCT_BUNDLE_IDENTIFIER = com.eonsubae.Table;
				PRODUCT_NAME = "$(TARGET_NAME)";
				SWIFT_VERSION = 5.0;
				TARGETED_DEVICE_FAMILY = "1,2";
			};
			name = Release;
		};
/* End XCBuildConfiguration section */

/* Begin XCConfigurationList section */
		42110C3825B546C000AE5AEA /* Build configuration list for PBXProject "Table" */ = {
			isa = XCConfigurationList;
			buildConfigurations = (
				42110C4F25B546CD00AE5AEA /* Debug */,
				42110C5025B546CD00AE5AEA /* Release */,
			);
			defaultConfigurationIsVisible = 0;
			defaultConfigurationName = Release;
		};
		42110C5125B546CD00AE5AEA /* Build configuration list for PBXNativeTarget "Table" */ = {
			isa = XCConfigurationList;
			buildConfigurations = (
				42110C5225B546CD00AE5AEA /* Debug */,
				42110C5325B546CD00AE5AEA /* Release */,
			);
			defaultConfigurationIsVisible = 0;
			defaultConfigurationName = Release;
		};
/* End XCConfigurationList section */
	};
	rootObject = 42110C3525B546C000AE5AEA /* Project object */;
}
