// !$*UTF8*$!
{
	archiveVersion = 1;
	classes = {
	};
	objectVersion = 50;
	objects = {

/* Begin PBXBuildFile section */
		426E458425A98BF10033D944 /* AppDelegate.swift in Sources */ = {isa = PBXBuildFile; fileRef = 426E458325A98BF10033D944 /* AppDelegate.swift */; };
		426E458625A98BF10033D944 /* SceneDelegate.swift in Sources */ = {isa = PBXBuildFile; fileRef = 426E458525A98BF10033D944 /* SceneDelegate.swift */; };
		426E458825A98BF10033D944 /* ViewController.swift in Sources */ = {isa = PBXBuildFile; fileRef = 426E458725A98BF10033D944 /* ViewController.swift */; };
		426E458B25A98BF10033D944 /* Main.storyboard in Resources */ = {isa = PBXBuildFile; fileRef = 426E458925A98BF10033D944 /* Main.storyboard */; };
		426E458D25A98BFB0033D944 /* Assets.xcassets in Resources */ = {isa = PBXBuildFile; fileRef = 426E458C25A98BFB0033D944 /* Assets.xcassets */; };
		426E459025A98BFB0033D944 /* LaunchScreen.storyboard in Resources */ = {isa = PBXBuildFile; fileRef = 426E458E25A98BFB0033D944 /* LaunchScreen.storyboard */; };
		426E459E25A98C3C0033D944 /* 04.png in Resources */ = {isa = PBXBuildFile; fileRef = 426E459825A98C340033D944 /* 04.png */; };
		426E459F25A98C3C0033D944 /* 01.png in Resources */ = {isa = PBXBuildFile; fileRef = 426E459925A98C360033D944 /* 01.png */; };
		426E45A025A98C3C0033D944 /* 03.png in Resources */ = {isa = PBXBuildFile; fileRef = 426E459A25A98C370033D944 /* 03.png */; };
		426E45A125A98C3C0033D944 /* 02.png in Resources */ = {isa = PBXBuildFile; fileRef = 426E459B25A98C380033D944 /* 02.png */; };
		426E45A225A98C3C0033D944 /* 05.png in Resources */ = {isa = PBXBuildFile; fileRef = 426E459C25A98C3A0033D944 /* 05.png */; };
		426E45A325A98C3C0033D944 /* 06.png in Resources */ = {isa = PBXBuildFile; fileRef = 426E459D25A98C3B0033D944 /* 06.png */; };
/* End PBXBuildFile section */

/* Begin PBXFileReference section */
		426E458025A98BF10033D944 /* PageControl.app */ = {isa = PBXFileReference; explicitFileType = wrapper.application; includeInIndex = 0; path = PageControl.app; sourceTree = BUILT_PRODUCTS_DIR; };
		426E458325A98BF10033D944 /* AppDelegate.swift */ = {isa = PBXFileReference; lastKnownFileType = sourcecode.swift; path = AppDelegate.swift; sourceTree = "<group>"; };
		426E458525A98BF10033D944 /* SceneDelegate.swift */ = {isa = PBXFileReference; lastKnownFileType = sourcecode.swift; path = SceneDelegate.swift; sourceTree = "<group>"; };
		426E458725A98BF10033D944 /* ViewController.swift */ = {isa = PBXFileReference; lastKnownFileType = sourcecode.swift; path = ViewController.swift; sourceTree = "<group>"; };
		426E458A25A98BF10033D944 /* Base */ = {isa = PBXFileReference; lastKnownFileType = file.storyboard; name = Base; path = Base.lproj/Main.storyboard; sourceTree = "<group>"; };
		426E458C25A98BFB0033D944 /* Assets.xcassets */ = {isa = PBXFileReference; lastKnownFileType = folder.assetcatalog; path = Assets.xcassets; sourceTree = "<group>"; };
		426E458F25A98BFB0033D944 /* Base */ = {isa = PBXFileReference; lastKnownFileType = file.storyboard; name = Base; path = Base.lproj/LaunchScreen.storyboard; sourceTree = "<group>"; };
		426E459125A98BFB0033D944 /* Info.plist */ = {isa = PBXFileReference; lastKnownFileType = text.plist.xml; path = Info.plist; sourceTree = "<group>"; };
		426E459825A98C340033D944 /* 04.png */ = {isa = PBXFileReference; lastKnownFileType = image.png; path = 04.png; sourceTree = "<group>"; };
		426E459925A98C360033D944 /* 01.png */ = {isa = PBXFileReference; lastKnownFileType = image.png; path = 01.png; sourceTree = "<group>"; };
		426E459A25A98C370033D944 /* 03.png */ = {isa = PBXFileReference; lastKnownFileType = image.png; path = 03.png; sourceTree = "<group>"; };
		426E459B25A98C380033D944 /* 02.png */ = {isa = PBXFileReference; lastKnownFileType = image.png; path = 02.png; sourceTree = "<group>"; };
		426E459C25A98C3A0033D944 /* 05.png */ = {isa = PBXFileReference; lastKnownFileType = image.png; path = 05.png; sourceTree = "<group>"; };
		426E459D25A98C3B0033D944 /* 06.png */ = {isa = PBXFileReference; lastKnownFileType = image.png; path = 06.png; sourceTree = "<group>"; };
/* End PBXFileReference section */

/* Begin PBXFrameworksBuildPhase section */
		426E457D25A98BF10033D944 /* Frameworks */ = {
			isa = PBXFrameworksBuildPhase;
			buildActionMask = 2147483647;
			files = (
			);
			runOnlyForDeploymentPostprocessing = 0;
		};
/* End PBXFrameworksBuildPhase section */

/* Begin PBXGroup section */
		426E457725A98BF10033D944 = {
			isa = PBXGroup;
			children = (
				426E458225A98BF10033D944 /* PageControl */,
				426E458125A98BF10033D944 /* Products */,
			);
			sourceTree = "<group>";
		};
		426E458125A98BF10033D944 /* Products */ = {
			isa = PBXGroup;
			children = (
				426E458025A98BF10033D944 /* PageControl.app */,
			);
			name = Products;
			sourceTree = "<group>";
		};
		426E458225A98BF10033D944 /* PageControl */ = {
			isa = PBXGroup;
			children = (
				426E459925A98C360033D944 /* 01.png */,
				426E459B25A98C380033D944 /* 02.png */,
				426E459A25A98C370033D944 /* 03.png */,
				426E459825A98C340033D944 /* 04.png */,
				426E459C25A98C3A0033D944 /* 05.png */,
				426E459D25A98C3B0033D944 /* 06.png */,
				426E458325A98BF10033D944 /* AppDelegate.swift */,
				426E458525A98BF10033D944 /* SceneDelegate.swift */,
				426E458725A98BF10033D944 /* ViewController.swift */,
				426E458925A98BF10033D944 /* Main.storyboard */,
				426E458C25A98BFB0033D944 /* Assets.xcassets */,
				426E458E25A98BFB0033D944 /* LaunchScreen.storyboard */,
				426E459125A98BFB0033D944 /* Info.plist */,
			);
			path = PageControl;
			sourceTree = "<group>";
		};
/* End PBXGroup section */

/* Begin PBXNativeTarget section */
		426E457F25A98BF10033D944 /* PageControl */ = {
			isa = PBXNativeTarget;
			buildConfigurationList = 426E459425A98BFB0033D944 /* Build configuration list for PBXNativeTarget "PageControl" */;
			buildPhases = (
				426E457C25A98BF10033D944 /* Sources */,
				426E457D25A98BF10033D944 /* Frameworks */,
				426E457E25A98BF10033D944 /* Resources */,
			);
			buildRules = (
			);
			dependencies = (
			);
			name = PageControl;
			productName = PageControl;
			productReference = 426E458025A98BF10033D944 /* PageControl.app */;
			productType = "com.apple.product-type.application";
		};
/* End PBXNativeTarget section */

/* Begin PBXProject section */
		426E457825A98BF10033D944 /* Project object */ = {
			isa = PBXProject;
			attributes = {
				LastSwiftUpdateCheck = 1230;
				LastUpgradeCheck = 1230;
				TargetAttributes = {
					426E457F25A98BF10033D944 = {
						CreatedOnToolsVersion = 12.3;
					};
				};
			};
			buildConfigurationList = 426E457B25A98BF10033D944 /* Build configuration list for PBXProject "PageControl" */;
			compatibilityVersion = "Xcode 9.3";
			developmentRegion = en;
			hasScannedForEncodings = 0;
			knownRegions = (
				en,
				Base,
			);
			mainGroup = 426E457725A98BF10033D944;
			productRefGroup = 426E458125A98BF10033D944 /* Products */;
			projectDirPath = "";
			projectRoot = "";
			targets = (
				426E457F25A98BF10033D944 /* PageControl */,
			);
		};
/* End PBXProject section */

/* Begin PBXResourcesBuildPhase section */
		426E457E25A98BF10033D944 /* Resources */ = {
			isa = PBXResourcesBuildPhase;
			buildActionMask = 2147483647;
			files = (
				426E459F25A98C3C0033D944 /* 01.png in Resources */,
				426E459025A98BFB0033D944 /* LaunchScreen.storyboard in Resources */,
				426E459E25A98C3C0033D944 /* 04.png in Resources */,
				426E45A125A98C3C0033D944 /* 02.png in Resources */,
				426E45A325A98C3C0033D944 /* 06.png in Resources */,
				426E458D25A98BFB0033D944 /* Assets.xcassets in Resources */,
				426E45A025A98C3C0033D944 /* 03.png in Resources */,
				426E45A225A98C3C0033D944 /* 05.png in Resources */,
				426E458B25A98BF10033D944 /* Main.storyboard in Resources */,
			);
			runOnlyForDeploymentPostprocessing = 0;
		};
/* End PBXResourcesBuildPhase section */

/* Begin PBXSourcesBuildPhase section */
		426E457C25A98BF10033D944 /* Sources */ = {
			isa = PBXSourcesBuildPhase;
			buildActionMask = 2147483647;
			files = (
				426E458825A98BF10033D944 /* ViewController.swift in Sources */,
				426E458425A98BF10033D944 /* AppDelegate.swift in Sources */,
				426E458625A98BF10033D944 /* SceneDelegate.swift in Sources */,
			);
			runOnlyForDeploymentPostprocessing = 0;
		};
/* End PBXSourcesBuildPhase section */

/* Begin PBXVariantGroup section */
		426E458925A98BF10033D944 /* Main.storyboard */ = {
			isa = PBXVariantGroup;
			children = (
				426E458A25A98BF10033D944 /* Base */,
			);
			name = Main.storyboard;
			sourceTree = "<group>";
		};
		426E458E25A98BFB0033D944 /* LaunchScreen.storyboard */ = {
			isa = PBXVariantGroup;
			children = (
				426E458F25A98BFB0033D944 /* Base */,
			);
			name = LaunchScreen.storyboard;
			sourceTree = "<group>";
		};
/* End PBXVariantGroup section */

/* Begin XCBuildConfiguration section */
		426E459225A98BFB0033D944 /* Debug */ = {
			isa = XCBuildConfiguration;
			buildSettings = {
				ALWAYS_SEARCH_USER_PATHS = NO;
				CLANG_ANALYZER_NONNULL = YES;
				CLANG_ANALYZER_NUMBER_OBJECT_CONVERSION = YES_AGGRESSIVE;
				CLANG_CXX_LANGUAGE_STANDARD = "gnu++14";
				CLANG_CXX_LIBRARY = "libc++";
				CLANG_ENABLE_MODULES = YES;
				CLANG_ENABLE_OBJC_ARC = YES;
				CLANG_ENABLE_OBJC_WEAK = YES;
				CLANG_WARN_BLOCK_CAPTURE_AUTORELEASING = YES;
				CLANG_WARN_BOOL_CONVERSION = YES;
				CLANG_WARN_COMMA = YES;
				CLANG_WARN_CONSTANT_CONVERSION = YES;
				CLANG_WARN_DEPRECATED_OBJC_IMPLEMENTATIONS = YES;
				CLANG_WARN_DIRECT_OBJC_ISA_USAGE = YES_ERROR;
				CLANG_WARN_DOCUMENTATION_COMMENTS = YES;
				CLANG_WARN_EMPTY_BODY = YES;
				CLANG_WARN_ENUM_CONVERSION = YES;
				CLANG_WARN_INFINITE_RECURSION = YES;
				CLANG_WARN_INT_CONVERSION = YES;
				CLANG_WARN_NON_LITERAL_NULL_CONVERSION = YES;
				CLANG_WARN_OBJC_IMPLICIT_RETAIN_SELF = YES;
				CLANG_WARN_OBJC_LITERAL_CONVERSION = YES;
				CLANG_WARN_OBJC_ROOT_CLASS = YES_ERROR;
				CLANG_WARN_QUOTED_INCLUDE_IN_FRAMEWORK_HEADER = YES;
				CLANG_WARN_RANGE_LOOP_ANALYSIS = YES;
				CLANG_WARN_STRICT_PROTOTYPES = YES;
				CLANG_WARN_SUSPICIOUS_MOVE = YES;
				CLANG_WARN_UNGUARDED_AVAILABILITY = YES_AGGRESSIVE;
				CLANG_WARN_UNREACHABLE_CODE = YES;
				CLANG_WARN__DUPLICATE_METHOD_MATCH = YES;
				COPY_PHASE_STRIP = NO;
				DEBUG_INFORMATION_FORMAT = dwarf;
				ENABLE_STRICT_OBJC_MSGSEND = YES;
				ENABLE_TESTABILITY = YES;
				GCC_C_LANGUAGE_STANDARD = gnu11;
				GCC_DYNAMIC_NO_PIC = NO;
				GCC_NO_COMMON_BLOCKS = YES;
				GCC_OPTIMIZATION_LEVEL = 0;
				GCC_PREPROCESSOR_DEFINITIONS = (
					"DEBUG=1",
					"$(inherited)",
				);
				GCC_WARN_64_TO_32_BIT_CONVERSION = YES;
				GCC_WARN_ABOUT_RETURN_TYPE = YES_ERROR;
				GCC_WARN_UNDECLARED_SELECTOR = YES;
				GCC_WARN_UNINITIALIZED_AUTOS = YES_AGGRESSIVE;
				GCC_WARN_UNUSED_FUNCTION = YES;
				GCC_WARN_UNUSED_VARIABLE = YES;
				IPHONEOS_DEPLOYMENT_TARGET = 14.3;
				MTL_ENABLE_DEBUG_INFO = INCLUDE_SOURCE;
				MTL_FAST_MATH = YES;
				ONLY_ACTIVE_ARCH = YES;
				SDKROOT = iphoneos;
				SWIFT_ACTIVE_COMPILATION_CONDITIONS = DEBUG;
				SWIFT_OPTIMIZATION_LEVEL = "-Onone";
			};
			name = Debug;
		};
		426E459325A98BFB0033D944 /* Release */ = {
			isa = XCBuildConfiguration;
			buildSettings = {
				ALWAYS_SEARCH_USER_PATHS = NO;
				CLANG_ANALYZER_NONNULL = YES;
				CLANG_ANALYZER_NUMBER_OBJECT_CONVERSION = YES_AGGRESSIVE;
				CLANG_CXX_LANGUAGE_STANDARD = "gnu++14";
				CLANG_CXX_LIBRARY = "libc++";
				CLANG_ENABLE_MODULES = YES;
				CLANG_ENABLE_OBJC_ARC = YES;
				CLANG_ENABLE_OBJC_WEAK = YES;
				CLANG_WARN_BLOCK_CAPTURE_AUTORELEASING = YES;
				CLANG_WARN_BOOL_CONVERSION = YES;
				CLANG_WARN_COMMA = YES;
				CLANG_WARN_CONSTANT_CONVERSION = YES;
				CLANG_WARN_DEPRECATED_OBJC_IMPLEMENTATIONS = YES;
				CLANG_WARN_DIRECT_OBJC_ISA_USAGE = YES_ERROR;
				CLANG_WARN_DOCUMENTATION_COMMENTS = YES;
				CLANG_WARN_EMPTY_BODY = YES;
				CLANG_WARN_ENUM_CONVERSION = YES;
				CLANG_WARN_INFINITE_RECURSION = YES;
				CLANG_WARN_INT_CONVERSION = YES;
				CLANG_WARN_NON_LITERAL_NULL_CONVERSION = YES;
				CLANG_WARN_OBJC_IMPLICIT_RETAIN_SELF = YES;
				CLANG_WARN_OBJC_LITERAL_CONVERSION = YES;
				CLANG_WARN_OBJC_ROOT_CLASS = YES_ERROR;
				CLANG_WARN_QUOTED_INCLUDE_IN_FRAMEWORK_HEADER = YES;
				CLANG_WARN_RANGE_LOOP_ANALYSIS = YES;
				CLANG_WARN_STRICT_PROTOTYPES = YES;
				CLANG_WARN_SUSPICIOUS_MOVE = YES;
				CLANG_WARN_UNGUARDED_AVAILABILITY = YES_AGGRESSIVE;
				CLANG_WARN_UNREACHABLE_CODE = YES;
				CLANG_WARN__DUPLICATE_METHOD_MATCH = YES;
				COPY_PHASE_STRIP = NO;
				DEBUG_INFORMATION_FORMAT = "dwarf-with-dsym";
				ENABLE_NS_ASSERTIONS = NO;
				ENABLE_STRICT_OBJC_MSGSEND = YES;
				GCC_C_LANGUAGE_STANDARD = gnu11;
				GCC_NO_COMMON_BLOCKS = YES;
				GCC_WARN_64_TO_32_BIT_CONVERSION = YES;
				GCC_WARN_ABOUT_RETURN_TYPE = YES_ERROR;
				GCC_WARN_UNDECLARED_SELECTOR = YES;
				GCC_WARN_UNINITIALIZED_AUTOS = YES_AGGRESSIVE;
				GCC_WARN_UNUSED_FUNCTION = YES;
				GCC_WARN_UNUSED_VARIABLE = YES;
				IPHONEOS_DEPLOYMENT_TARGET = 14.3;
				MTL_ENABLE_DEBUG_INFO = NO;
				MTL_FAST_MATH = YES;
				SDKROOT = iphoneos;
				SWIFT_COMPILATION_MODE = wholemodule;
				SWIFT_OPTIMIZATION_LEVEL = "-O";
				VALIDATE_PRODUCT = YES;
			};
			name = Release;
		};
		426E459525A98BFB0033D944 /* Debug */ = {
			isa = XCBuildConfiguration;
			buildSettings = {
				ASSETCATALOG_COMPILER_APPICON_NAME = AppIcon;
				ASSETCATALOG_COMPILER_GLOBAL_ACCENT_COLOR_NAME = AccentColor;
				CODE_SIGN_STYLE = Automatic;
				INFOPLIST_FILE = PageControl/Info.plist;
				LD_RUNPATH_SEARCH_PATHS = (
					"$(inherited)",
					"@executable_path/Frameworks",
				);
				PRODUCT_BUNDLE_IDENTIFIER = com.eonsubae.PageControl;
				PRODUCT_NAME = "$(TARGET_NAME)";
				SWIFT_VERSION = 5.0;
				TARGETED_DEVICE_FAMILY = "1,2";
			};
			name = Debug;
		};
		426E459625A98BFB0033D944 /* Release */ = {
			isa = XCBuildConfiguration;
			buildSettings = {
				ASSETCATALOG_COMPILER_APPICON_NAME = AppIcon;
				ASSETCATALOG_COMPILER_GLOBAL_ACCENT_COLOR_NAME = AccentColor;
				CODE_SIGN_STYLE = Automatic;
				INFOPLIST_FILE = PageControl/Info.plist;
				LD_RUNPATH_SEARCH_PATHS = (
					"$(inherited)",
					"@executable_path/Frameworks",
				);
				PRODUCT_BUNDLE_IDENTIFIER = com.eonsubae.PageControl;
				PRODUCT_NAME = "$(TARGET_NAME)";
				SWIFT_VERSION = 5.0;
				TARGETED_DEVICE_FAMILY = "1,2";
			};
			name = Release;
		};
/* End XCBuildConfiguration section */

/* Begin XCConfigurationList section */
		426E457B25A98BF10033D944 /* Build configuration list for PBXProject "PageControl" */ = {
			isa = XCConfigurationList;
			buildConfigurations = (
				426E459225A98BFB0033D944 /* Debug */,
				426E459325A98BFB0033D944 /* Release */,
			);
			defaultConfigurationIsVisible = 0;
			defaultConfigurationName = Release;
		};
		426E459425A98BFB0033D944 /* Build configuration list for PBXNativeTarget "PageControl" */ = {
			isa = XCConfigurationList;
			buildConfigurations = (
				426E459525A98BFB0033D944 /* Debug */,
				426E459625A98BFB0033D944 /* Release */,
			);
			defaultConfigurationIsVisible = 0;
			defaultConfigurationName = Release;
		};
/* End XCConfigurationList section */
	};
	rootObject = 426E457825A98BF10033D944 /* Project object */;
}
